
Microsoft Visual Studio Solution File, Format Version 12.00
# Visual Studio Version 16
VisualStudioVersion = 16.0.31005.135
MinimumVisualStudioVersion = 10.0.40219.1
Project("{9A19103F-16F7-4668-BE54-9A1E7A4F7556}") = "rico-photos", "rico-photos.csproj", "{723043E4-B40D-41E4-96DE-306098CE119F}"
EndProject
Project("{2150E333-8FDC-42A3-9474-1A3956D46DE8}") = "src", "src", "{C0737CED-2C4B-428C-BA72-976B3C1C4FA1}"
EndProject
Project("{2150E333-8FDC-42A3-9474-1A3956D46DE8}") = "test", "test", "{C4307587-5F24-4655-970A-F32FE3D848D2}"
EndProject
Project("{9A19103F-16F7-4668-BE54-9A1E7A4F7556}") = "rico-photos-unittest", "test\rico-photos-tests\rico-photos-unittest.csproj", "{7DF5B5A7-77F7-480F-AF32-8AA9D8AFC753}"
EndProject
Global
	GlobalSection(SolutionConfigurationPlatforms) = preSolution
		Debug|Any CPU = Debug|Any CPU
		Release|Any CPU = Release|Any CPU
	EndGlobalSection
	GlobalSection(ProjectConfigurationPlatforms) = postSolution
		{723043E4-B40D-41E4-96DE-306098CE119F}.Debug|Any CPU.ActiveCfg = Debug|Any CPU
		{723043E4-B40D-41E4-96DE-306098CE119F}.Debug|Any CPU.Build.0 = Debug|Any CPU
		{723043E4-B40D-41E4-96DE-306098CE119F}.Release|Any CPU.ActiveCfg = Release|Any CPU
		{723043E4-B40D-41E4-96DE-306098CE119F}.Release|Any CPU.Build.0 = Release|Any CPU
		{7DF5B5A7-77F7-480F-AF32-8AA9D8AFC753}.Debug|Any CPU.ActiveCfg = Debug|Any CPU
		{7DF5B5A7-77F7-480F-AF32-8AA9D8AFC753}.Debug|Any CPU.Build.0 = Debug|Any CPU
		{7DF5B5A7-77F7-480F-AF32-8AA9D8AFC753}.Release|Any CPU.ActiveCfg = Release|Any CPU
		{7DF5B5A7-77F7-480F-AF32-8AA9D8AFC753}.Release|Any CPU.Build.0 = Release|Any CPU
	EndGlobalSection
	GlobalSection(SolutionProperties) = preSolution
		HideSolutionNode = FALSE
	EndGlobalSection
	GlobalSection(NestedProjects) = preSolution
		{723043E4-B40D-41E4-96DE-306098CE119F} = {C0737CED-2C4B-428C-BA72-976B3C1C4FA1}
		{7DF5B5A7-77F7-480F-AF32-8AA9D8AFC753} = {C4307587-5F24-4655-970A-F32FE3D848D2}
	EndGlobalSection
	GlobalSection(ExtensibilityGlobals) = postSolution
		SolutionGuid = {0AC7EC79-B06B-4648-A7E1-9CF48F17C52E}
	EndGlobalSection
EndGlobal
